{
  "name": "E_PH",
  "lockfileVersion": 2,
  "requires": true,
  "packages": {
    "": {
      "dependencies": {
        "chart.js": "^3.5.0",
        "zingchart": "^2.9.6"
      }
    },
    "node_modules/chart.js": {
      "version": "3.5.0",
      "resolved": "https://registry.npmjs.org/chart.js/-/chart.js-3.5.0.tgz",
      "integrity": "sha512-J1a4EAb1Gi/KbhwDRmoovHTRuqT8qdF0kZ4XgwxpGethJHUdDrkqyPYwke0a+BuvSeUxPf8Cos6AX2AB8H8GLA=="
    },
    "node_modules/zingchart": {
      "version": "2.9.6",
      "resolved": "https://registry.npmjs.org/zingchart/-/zingchart-2.9.6.tgz",
      "integrity": "sha512-97TgyB8emw2Pv8p6SxGTpmzt8/RMhjmV4iRz4km8sCh47P/J8ppFgG9VYqV0CTkho1yv7h/crqKCYgV2SXGQgA=="
    }
  },
  "dependencies": {
    "chart.js": {
      "version": "3.5.0",
      "resolved": "https://registry.npmjs.org/chart.js/-/chart.js-3.5.0.tgz",
      "integrity": "sha512-J1a4EAb1Gi/KbhwDRmoovHTRuqT8qdF0kZ4XgwxpGethJHUdDrkqyPYwke0a+BuvSeUxPf8Cos6AX2AB8H8GLA=="
    },
    "zingchart": {
      "version": "2.9.6",
      "resolved": "https://registry.npmjs.org/zingchart/-/zingchart-2.9.6.tgz",
      "integrity": "sha512-97TgyB8emw2Pv8p6SxGTpmzt8/RMhjmV4iRz4km8sCh47P/J8ppFgG9VYqV0CTkho1yv7h/crqKCYgV2SXGQgA=="
    }
  }
}
